
Microsoft Visual Studio Solution File, Format Version 12.00
# Visual Studio Version 17
VisualStudioVersion = 17.8.34322.80
MinimumVisualStudioVersion = 10.0.40219.1
Project("{FAE04EC0-301F-11D3-BF4B-00C04F79EFBC}") = "ConfessToAthena", "ConfessToAthena\ConfessToAthena.csproj", "{D9103029-D5EE-4FE7-9D28-59B0B05E2F72}"
EndProject
Global
	GlobalSection(SolutionConfigurationPlatforms) = preSolution
		Debug|Any CPU = Debug|Any CPU
		Release|Any CPU = Release|Any CPU
	EndGlobalSection
	GlobalSection(ProjectConfigurationPlatforms) = postSolution
		{D9103029-D5EE-4FE7-9D28-59B0B05E2F72}.Debug|Any CPU.ActiveCfg = Debug|Any CPU
		{D9103029-D5EE-4FE7-9D28-59B0B05E2F72}.Debug|Any CPU.Build.0 = Debug|Any CPU
		{D9103029-D5EE-4FE7-9D28-59B0B05E2F72}.Release|Any CPU.ActiveCfg = Release|Any CPU
		{D9103029-D5EE-4FE7-9D28-59B0B05E2F72}.Release|Any CPU.Build.0 = Release|Any CPU
	EndGlobalSection
	GlobalSection(SolutionProperties) = preSolution
		HideSolutionNode = FALSE
	EndGlobalSection
	GlobalSection(ExtensibilityGlobals) = postSolution
		SolutionGuid = {93EE8BAE-2CCB-4C48-86A7-D875B0008998}
	EndGlobalSection
EndGlobal
